
Microsoft Visual Studio Solution File, Format Version 12.00
# Visual Studio Version 17
VisualStudioVersion = 17.2.32526.322
MinimumVisualStudioVersion = 10.0.40219.1
Project("{FAE04EC0-301F-11D3-BF4B-00C04F79EFBC}") = "TestFunctionApp", "TestFunctionApp.csproj", "{78C1D64F-953D-4F3D-97E2-96B3D97AD43D}"
EndProject
Global
	GlobalSection(SolutionConfigurationPlatforms) = preSolution
		Debug|Any CPU = Debug|Any CPU
		Release|Any CPU = Release|Any CPU
	EndGlobalSection
	GlobalSection(ProjectConfigurationPlatforms) = postSolution
		{78C1D64F-953D-4F3D-97E2-96B3D97AD43D}.Debug|Any CPU.ActiveCfg = Debug|Any CPU
		{78C1D64F-953D-4F3D-97E2-96B3D97AD43D}.Debug|Any CPU.Build.0 = Debug|Any CPU
		{78C1D64F-953D-4F3D-97E2-96B3D97AD43D}.Release|Any CPU.ActiveCfg = Release|Any CPU
		{78C1D64F-953D-4F3D-97E2-96B3D97AD43D}.Release|Any CPU.Build.0 = Release|Any CPU
	EndGlobalSection
	GlobalSection(SolutionProperties) = preSolution
		HideSolutionNode = FALSE
	EndGlobalSection
	GlobalSection(ExtensibilityGlobals) = postSolution
		SolutionGuid = {49F2526B-FC75-4B39-9E87-8FB2B09E1A60}
	EndGlobalSection
EndGlobal
